
Microsoft Visual Studio Solution File, Format Version 12.00
# Visual Studio Version 17
VisualStudioVersion = 17.10.35013.160
MinimumVisualStudioVersion = 10.0.40219.1
Project("{9A19103F-16F7-4668-BE54-9A1E7A4F7556}") = "ElasticSearch&Crawl", "AqvaTechTask\ElasticSearch&Crawl.csproj", "{C2DC484C-7D14-4226-956D-FEA8501DF8C6}"
EndProject
Global
	GlobalSection(SolutionConfigurationPlatforms) = preSolution
		Debug|Any CPU = Debug|Any CPU
		Release|Any CPU = Release|Any CPU
	EndGlobalSection
	GlobalSection(ProjectConfigurationPlatforms) = postSolution
		{C2DC484C-7D14-4226-956D-FEA8501DF8C6}.Debug|Any CPU.ActiveCfg = Debug|Any CPU
		{C2DC484C-7D14-4226-956D-FEA8501DF8C6}.Debug|Any CPU.Build.0 = Debug|Any CPU
		{C2DC484C-7D14-4226-956D-FEA8501DF8C6}.Release|Any CPU.ActiveCfg = Release|Any CPU
		{C2DC484C-7D14-4226-956D-FEA8501DF8C6}.Release|Any CPU.Build.0 = Release|Any CPU
	EndGlobalSection
	GlobalSection(SolutionProperties) = preSolution
		HideSolutionNode = FALSE
	EndGlobalSection
	GlobalSection(ExtensibilityGlobals) = postSolution
		SolutionGuid = {3EDA7D70-AA47-4FF0-8ED5-C785E32A2019}
	EndGlobalSection
EndGlobal
